
Microsoft Visual Studio Solution File, Format Version 12.00
# Visual Studio Version 17
VisualStudioVersion = 17.1.32328.378
MinimumVisualStudioVersion = 10.0.40219.1
Project("{9A19103F-16F7-4668-BE54-9A1E7A4F7556}") = "RentApp", "RentApp\RentApp.csproj", "{ED46AF82-36D1-4420-ADB6-D962EBB96D2C}"
EndProject
Global
	GlobalSection(SolutionConfigurationPlatforms) = preSolution
		Debug|Any CPU = Debug|Any CPU
		Release|Any CPU = Release|Any CPU
	EndGlobalSection
	GlobalSection(ProjectConfigurationPlatforms) = postSolution
		{ED46AF82-36D1-4420-ADB6-D962EBB96D2C}.Debug|Any CPU.ActiveCfg = Debug|Any CPU
		{ED46AF82-36D1-4420-ADB6-D962EBB96D2C}.Debug|Any CPU.Build.0 = Debug|Any CPU
		{ED46AF82-36D1-4420-ADB6-D962EBB96D2C}.Release|Any CPU.ActiveCfg = Release|Any CPU
		{ED46AF82-36D1-4420-ADB6-D962EBB96D2C}.Release|Any CPU.Build.0 = Release|Any CPU
	EndGlobalSection
	GlobalSection(SolutionProperties) = preSolution
		HideSolutionNode = FALSE
	EndGlobalSection
	GlobalSection(ExtensibilityGlobals) = postSolution
		SolutionGuid = {CD541355-2B54-402D-8B2C-8DF1F3D8999A}
	EndGlobalSection
EndGlobal
